
Microsoft Visual Studio Solution File, Format Version 12.00
# Visual Studio 15
VisualStudioVersion = 15.0.27703.2018
MinimumVisualStudioVersion = 10.0.40219.1
Project("{FAE04EC0-301F-11D3-BF4B-00C04F79EFBC}") = "dotnetrsa", "dotnetrsa\dotnetrsa.csproj", "{0083B28D-1B38-4AB3-BDCA-FE53D3FB3439}"
EndProject
Global
	GlobalSection(SolutionConfigurationPlatforms) = preSolution
		Debug|Any CPU = Debug|Any CPU
		Release|Any CPU = Release|Any CPU
	EndGlobalSection
	GlobalSection(ProjectConfigurationPlatforms) = postSolution
		{0083B28D-1B38-4AB3-BDCA-FE53D3FB3439}.Debug|Any CPU.ActiveCfg = Debug|Any CPU
		{0083B28D-1B38-4AB3-BDCA-FE53D3FB3439}.Debug|Any CPU.Build.0 = Debug|Any CPU
		{0083B28D-1B38-4AB3-BDCA-FE53D3FB3439}.Release|Any CPU.ActiveCfg = Release|Any CPU
		{0083B28D-1B38-4AB3-BDCA-FE53D3FB3439}.Release|Any CPU.Build.0 = Release|Any CPU
	EndGlobalSection
	GlobalSection(SolutionProperties) = preSolution
		HideSolutionNode = FALSE
	EndGlobalSection
	GlobalSection(ExtensibilityGlobals) = postSolution
		SolutionGuid = {E7C12EB2-6392-4E38-9AC5-8835B1C6D77C}
	EndGlobalSection
EndGlobal
